
Microsoft Visual Studio Solution File, Format Version 12.00
# Visual Studio Version 17
VisualStudioVersion = 17.11.35312.102
MinimumVisualStudioVersion = 10.0.40219.1
Project("{9A19103F-16F7-4668-BE54-9A1E7A4F7556}") = "LargeDataApiAync", "LargeDataApiAync\LargeDataApiAync\LargeDataApiAync.csproj", "{8EFFEE13-A29D-4592-BAFC-750EE9D3BCFE}"
EndProject
Global
	GlobalSection(SolutionConfigurationPlatforms) = preSolution
		Debug|Any CPU = Debug|Any CPU
		Release|Any CPU = Release|Any CPU
	EndGlobalSection
	GlobalSection(ProjectConfigurationPlatforms) = postSolution
		{8EFFEE13-A29D-4592-BAFC-750EE9D3BCFE}.Debug|Any CPU.ActiveCfg = Debug|Any CPU
		{8EFFEE13-A29D-4592-BAFC-750EE9D3BCFE}.Debug|Any CPU.Build.0 = Debug|Any CPU
		{8EFFEE13-A29D-4592-BAFC-750EE9D3BCFE}.Release|Any CPU.ActiveCfg = Release|Any CPU
		{8EFFEE13-A29D-4592-BAFC-750EE9D3BCFE}.Release|Any CPU.Build.0 = Release|Any CPU
	EndGlobalSection
	GlobalSection(SolutionProperties) = preSolution
		HideSolutionNode = FALSE
	EndGlobalSection
	GlobalSection(ExtensibilityGlobals) = postSolution
		SolutionGuid = {5542501B-AC3F-49B8-8719-BD903E799E41}
	EndGlobalSection
EndGlobal
